PODS:
  - FlutterMacOS (1.0.0)
  - heic_native (0.1.1):
    - FlutterMacOS

DEPENDENCIES:
  - FlutterMacOS (from `Flutter/ephemeral`)
  - heic_native (from `Flutter/ephemeral/.symlinks/plugins/heic_native/macos`)

EXTERNAL SOURCES:
  FlutterMacOS:
    :path: Flutter/ephemeral
  heic_native:
    :path: Flutter/ephemeral/.symlinks/plugins/heic_native/macos

SPEC CHECKSUMS:
  FlutterMacOS: d0db08ddef1a9af05a5ec4b724367152bb0500b1
  heic_native: 239cc73695c37bc191e1e99d49249ed2d5a3b4b9

PODFILE CHECKSUM: 54d867c82ac51cbd61b565781b9fada492027009

COCOAPODS: 1.16.2
